
Microsoft Visual Studio Solution File, Format Version 12.00
# Visual Studio Version 17
VisualStudioVersion = 17.6.33815.320
MinimumVisualStudioVersion = 10.0.40219.1
Project("{FAE04EC0-301F-11D3-BF4B-00C04F79EFBC}") = "LibraryInventoryApp", "LibraryInventoryApp\LibraryInventoryApp.csproj", "{9AFE357A-EB68-4AC1-892F-2B0117832D3C}"
EndProject
Global
	GlobalSection(SolutionConfigurationPlatforms) = preSolution
		Debug|Any CPU = Debug|Any CPU
		Release|Any CPU = Release|Any CPU
	EndGlobalSection
	GlobalSection(ProjectConfigurationPlatforms) = postSolution
		{9AFE357A-EB68-4AC1-892F-2B0117832D3C}.Debug|Any CPU.ActiveCfg = Debug|Any CPU
		{9AFE357A-EB68-4AC1-892F-2B0117832D3C}.Debug|Any CPU.Build.0 = Debug|Any CPU
		{9AFE357A-EB68-4AC1-892F-2B0117832D3C}.Release|Any CPU.ActiveCfg = Release|Any CPU
		{9AFE357A-EB68-4AC1-892F-2B0117832D3C}.Release|Any CPU.Build.0 = Release|Any CPU
	EndGlobalSection
	GlobalSection(SolutionProperties) = preSolution
		HideSolutionNode = FALSE
	EndGlobalSection
	GlobalSection(ExtensibilityGlobals) = postSolution
		SolutionGuid = {8F70F854-8614-4D0A-93AA-66BABA27B1A9}
	EndGlobalSection
EndGlobal
